{
  "nodes": {
    "copyroom": {
      "flake": false,
      "locked": {
        "lastModified": 1786504231,
        "narHash": "sha256-oqVk99ASAkwl3j3peL6MtobL1V4W0jIyx0S32hh8MwA=",
        "ref": "refs/tags/v0.7.4",
        "rev": "5d6f807006b7cdc08d469707ffa3f88d3762e457",
        "revCount": 57,
        "type": "git",
        "url": "https://github.com/Bullish-Design/copyroom"
      },
      "original": {
        "ref": "refs/tags/v0.7.4",
        "type": "git",
        "url": "https://github.com/Bullish-Design/copyroom"
      }
    },
    "docman": {
      "flake": false,
      "locked": {
        "lastModified": 1788800621,
        "narHash": "sha256-mqRHVsQWTvOTeQSV/CF6pDneegb5/22dWINJSRYAjxY=",
        "ref": "refs/tags/v0.2.0",
        "rev": "be02887bef46136a8d91ab9e95355b39061bf153",
        "revCount": 19,
        "type": "git",
        "url": "https://github.com/Bullish-Design/docman"
      },
      "original": {
        "ref": "refs/tags/v0.2.0",
        "type": "git",
        "url": "https://github.com/Bullish-Design/docman"
      }
    },
    "gitman": {
      "flake": false,
      "locked": {
        "lastModified": 1788789918,
        "narHash": "sha256-W/0dAXgmRuQ0eD4O9Gefn0lsQ7Bz43lrniI8jOefmM0=",
        "ref": "refs/tags/v0.6.1",
        "rev": "a0df153b91c1ebed9347feda66b49cc1a4a08f68",
        "revCount": 100,
        "type": "git",
        "url": "https://github.com/Bullish-Design/gitman"
      },
      "original": {
        "ref": "refs/tags/v0.6.1",
        "type": "git",
        "url": "https://github.com/Bullish-Design/gitman"
      }
    },
    "nixpkgs": {
      "inputs": {
        "nixpkgs-src": "nixpkgs-src"
      },
      "locked": {
        "lastModified": 1782132010,
        "narHash": "sha256-ZnAVHdVrotp80iIMm5CSR1fdxPlw7Uwmwxb+O/wsgZ8=",
        "owner": "cachix",
        "repo": "devenv-nixpkgs",
        "rev": "12866ae2dddbc0ab8b329915f8072bb9c75bde89",
        "type": "github"
      },
      "original": {
        "owner": "cachix",
        "ref": "rolling",
        "repo": "devenv-nixpkgs",
        "type": "github"
      }
    },
    "nixpkgs-src": {
      "flake": false,
      "locked": {
        "lastModified": 1781607440,
        "narHash": "sha256-rxO+uc/KFbSJp+pgyXRuAX6QlG9hJdnt0BXpEQRXY+U=",
        "owner": "NixOS",
        "repo": "nixpkgs",
        "rev": "3e41b24abd260e8f71dbe2f5737d24122f972158",
        "type": "github"
      },
      "original": {
        "owner": "NixOS",
        "ref": "nixpkgs-unstable",
        "repo": "nixpkgs",
        "type": "github"
      }
    },
    "pyjutsu": {
      "flake": false,
      "locked": {
        "lastModified": 1788789606,
        "narHash": "sha256-6812Epm//3hIahYINRTsMLXTMYd6JrZG9T5Ucz0dxJg=",
        "ref": "refs/tags/v0.21.1",
        "rev": "90ba9a5e65e353992369025c1507342cd39f009b",
        "revCount": 157,
        "type": "git",
        "url": "https://github.com/Bullish-Design/Pyjutsu"
      },
      "original": {
        "ref": "refs/tags/v0.21.1",
        "type": "git",
        "url": "https://github.com/Bullish-Design/Pyjutsu"
      }
    },
    "repoman": {
      "flake": false,
      "locked": {
        "lastModified": 1788811060,
        "narHash": "sha256-vjpmuSnKEj0eSj7aGHb403COtTYvyrzXVLRSa7PPEBw=",
        "ref": "refs/tags/v0.7.2",
        "rev": "0b41671459c0a48a4f84b874380e73020847cafc",
        "revCount": 143,
        "type": "git",
        "url": "https://github.com/Bullish-Design/repoman"
      },
      "original": {
        "ref": "refs/tags/v0.7.2",
        "type": "git",
        "url": "https://github.com/Bullish-Design/repoman"
      }
    },
    "root": {
      "inputs": {
        "copyroom": "copyroom",
        "docman": "docman",
        "gitman": "gitman",
        "nixpkgs": "nixpkgs",
        "pyjutsu": "pyjutsu",
        "repoman": "repoman"
      }
    }
  },
  "root": "root",
  "version": 7
}
