{
  "nodes": {
    "copyroom": {
      "flake": false,
      "locked": {
        "lastModified": 1786504231,
        "narHash": "sha256-oqVk99ASAkwl3j3peL6MtobL1V4W0jIyx0S32hh8MwA=",
        "ref": "refs/tags/v0.7.4",
        "rev": "5d6f807006b7cdc08d469707ffa3f88d3762e457",
        "revCount": 57,
        "type": "git",
        "url": "https://github.com/Bullish-Design/copyroom"
      },
      "original": {
        "ref": "refs/tags/v0.7.4",
        "type": "git",
        "url": "https://github.com/Bullish-Design/copyroom"
      }
    },
    "docman": {
      "flake": false,
      "locked": {
        "lastModified": 1788800621,
        "narHash": "sha256-mqRHVsQWTvOTeQSV/CF6pDneegb5/22dWINJSRYAjxY=",
        "ref": "refs/tags/v0.2.0",
        "rev": "be02887bef46136a8d91ab9e95355b39061bf153",
        "revCount": 19,
        "type": "git",
        "url": "https://github.com/Bullish-Design/docman"
      },
      "original": {
        "ref": "refs/tags/v0.2.0",
        "type": "git",
        "url": "https://github.com/Bullish-Design/docman"
      }
    },
    "gitman": {
      "flake": false,
      "locked": {
        "lastModified": 1788789918,
        "narHash": "sha256-W/0dAXgmRuQ0eD4O9Gefn0lsQ7Bz43lrniI8jOefmM0=",
        "ref": "refs/tags/v0.6.1",
        "rev": "a0df153b91c1ebed9347feda66b49cc1a4a08f68",
        "revCount": 100,
        "type": "git",
        "url": "https://github.com/Bullish-Design/gitman"
      },
      "original": {
        "ref": "refs/tags/v0.6.1",
        "type": "git",
        "url": "https://github.com/Bullish-Design/gitman"
      }
    },
    "nixpkgs": {
      "inputs": {
        "nixpkgs-src": "nixpkgs-src"
      },
      "locked": {
        "lastModified": 1782132010,
        "narHash": "sha256-ZnAVHdVrotp80iIMm5CSR1fdxPlw7Uwmwxb+O/wsgZ8=",
        "owner": "cachix",
        "repo": "devenv-nixpkgs",
        "rev": "12866ae2dddbc0ab8b329915f8072bb9c75bde89",
        "type": "github"
      },
      "original": {
        "owner": "cachix",
        "ref": "rolling",
        "repo": "devenv-nixpkgs",
        "type": "github"
      }
    },
    "nixpkgs-src": {
      "flake": false,
      "locked": {
        "lastModified": 1781607440,
        "narHash": "sha256-rxO+uc/KFbSJp+pgyXRuAX6QlG9hJdnt0BXpEQRXY+U=",
        "owner": "NixOS",
        "repo": "nixpkgs",
        "rev": "3e41b24abd260e8f71dbe2f5737d24122f972158",
        "type": "github"
      },
      "original": {
        "owner": "NixOS",
        "ref": "nixpkgs-unstable",
        "repo": "nixpkgs",
        "type": "github"
      }
    },
    "pyjutsu": {
      "flake": false,
      "locked": {
        "lastModified": 1788789606,
        "narHash": "sha256-6812Epm//3hIahYINRTsMLXTMYd6JrZG9T5Ucz0dxJg=",
        "ref": "refs/tags/v0.21.1",
        "rev": "90ba9a5e65e353992369025c1507342cd39f009b",
        "revCount": 157,
        "type": "git",
        "url": "https://github.com/Bullish-Design/Pyjutsu"
      },
      "original": {
        "ref": "refs/tags/v0.21.1",
        "type": "git",
        "url": "https://github.com/Bullish-Design/Pyjutsu"
      }
    },
    "pyproject-build-systems": {
      "inputs": {
        "nixpkgs": [
          "nixpkgs"
        ],
        "pyproject-nix": [
          "pyproject-nix"
        ],
        "uv2nix": "uv2nix"
      },
      "locked": {
        "lastModified": 1788149501,
        "narHash": "sha256-XKJP4KvhawV3pyVfraX3sflz05Rp7KP74gRt6QqKjNE=",
        "owner": "pyproject-nix",
        "repo": "build-system-pkgs",
        "rev": "150839ac67b5a34db56a55e8f6b7099a4e7878ab",
        "type": "github"
      },
      "original": {
        "owner": "pyproject-nix",
        "repo": "build-system-pkgs",
        "type": "github"
      }
    },
    "pyproject-nix": {
      "inputs": {
        "nixpkgs": [
          "nixpkgs"
        ]
      },
      "locked": {
        "lastModified": 1788394333,
        "narHash": "sha256-xYOP0Xym1eVGUaHFx+eJEaycFGoiCbst3fZf0xFHP78=",
        "owner": "nix-community",
        "repo": "pyproject.nix",
        "rev": "6a8a7881d75b6f98967e7b8069f4ead331384301",
        "type": "github"
      },
      "original": {
        "owner": "nix-community",
        "repo": "pyproject.nix",
        "type": "github"
      }
    },
    "repoman": {
      "flake": false,
      "locked": {
        "lastModified": 1788823452,
        "narHash": "sha256-G9ke+XOt5uK6gweQca1ARnF+8WCfpiwHA9Zaal3DGYg=",
        "ref": "refs/tags/v0.7.5",
        "rev": "cd34bfd4845d6dde310d3a263816c86cad977a9f",
        "revCount": 154,
        "type": "git",
        "url": "https://github.com/Bullish-Design/repoman"
      },
      "original": {
        "ref": "refs/tags/v0.7.5",
        "type": "git",
        "url": "https://github.com/Bullish-Design/repoman"
      }
    },
    "root": {
      "inputs": {
        "copyroom": "copyroom",
        "docman": "docman",
        "gitman": "gitman",
        "nixpkgs": "nixpkgs",
        "pyjutsu": "pyjutsu",
        "pyproject-build-systems": "pyproject-build-systems",
        "pyproject-nix": "pyproject-nix",
        "repoman": "repoman",
        "templateer": "templateer",
        "uv2nix": "uv2nix_2"
      }
    },
    "templateer": {
      "flake": false,
      "locked": {
        "lastModified": 1788888086,
        "narHash": "sha256-lL+/QOmIJI5PXb3Pn6JTuerFregmsORMXy8OhBFC8Fc=",
        "ref": "refs/tags/v0.4.1",
        "rev": "73afed43ecdee99027cc687e1599861322dab6a9",
        "revCount": 46,
        "type": "git",
        "url": "https://github.com/Bullish-Design/templateer_v2"
      },
      "original": {
        "ref": "refs/tags/v0.4.1",
        "type": "git",
        "url": "https://github.com/Bullish-Design/templateer_v2"
      }
    },
    "uv2nix": {
      "inputs": {
        "nixpkgs": [
          "pyproject-build-systems",
          "nixpkgs"
        ],
        "pyproject-nix": [
          "pyproject-build-systems",
          "pyproject-nix"
        ]
      },
      "locked": {
        "lastModified": 1788001239,
        "narHash": "sha256-AELmsXPI546MhbC/ZXC7WRUkCz7d4rqKTHUmliIgPpI=",
        "owner": "pyproject-nix",
        "repo": "uv2nix",
        "rev": "7f9c6b613d2e749e54854b1d60ab6a2192db889e",
        "type": "github"
      },
      "original": {
        "owner": "pyproject-nix",
        "repo": "uv2nix",
        "type": "github"
      }
    },
    "uv2nix_2": {
      "inputs": {
        "nixpkgs": [
          "nixpkgs"
        ],
        "pyproject-nix": [
          "pyproject-nix"
        ]
      },
      "locked": {
        "lastModified": 1788001239,
        "narHash": "sha256-AELmsXPI546MhbC/ZXC7WRUkCz7d4rqKTHUmliIgPpI=",
        "owner": "adisbladis",
        "repo": "uv2nix",
        "rev": "7f9c6b613d2e749e54854b1d60ab6a2192db889e",
        "type": "github"
      },
      "original": {
        "owner": "adisbladis",
        "repo": "uv2nix",
        "type": "github"
      }
    }
  },
  "root": "root",
  "version": 7
}
