{
  "nodes": {
    "nixpkgs": {
      "inputs": {
        "nixpkgs-src": "nixpkgs-src"
      },
      "locked": {
        "lastModified": 1782132010,
        "narHash": "sha256-ZnAVHdVrotp80iIMm5CSR1fdxPlw7Uwmwxb+O/wsgZ8=",
        "owner": "cachix",
        "repo": "devenv-nixpkgs",
        "rev": "12866ae2dddbc0ab8b329915f8072bb9c75bde89",
        "type": "github"
      },
      "original": {
        "owner": "cachix",
        "ref": "rolling",
        "repo": "devenv-nixpkgs",
        "type": "github"
      }
    },
    "nixpkgs-src": {
      "flake": false,
      "locked": {
        "lastModified": 1781607440,
        "narHash": "sha256-rxO+uc/KFbSJp+pgyXRuAX6QlG9hJdnt0BXpEQRXY+U=",
        "owner": "NixOS",
        "repo": "nixpkgs",
        "rev": "3e41b24abd260e8f71dbe2f5737d24122f972158",
        "type": "github"
      },
      "original": {
        "owner": "NixOS",
        "ref": "nixpkgs-unstable",
        "repo": "nixpkgs",
        "type": "github"
      }
    },
    "pyjutsu": {
      "flake": false,
      "locked": {
        "lastModified": 1784820612,
        "narHash": "sha256-ufuQD+aLbTS12lrUygSetvaRYRy8HKK2WroPzb/AU08=",
        "ref": "refs/heads/main",
        "rev": "4746e49f7a8d1670156b7acb0cfe3cfd741856ff",
        "revCount": 88,
        "type": "git",
        "url": "file:///home/andrew/Documents/Projects/pyjutsu"
      },
      "original": {
        "type": "git",
        "url": "file:///home/andrew/Documents/Projects/pyjutsu"
      }
    },
    "root": {
      "inputs": {
        "nixpkgs": "nixpkgs",
        "pyjutsu": "pyjutsu"
      }
    }
  },
  "root": "root",
  "version": 7
}
